// !$*UTF8*$!
{
	archiveVersion = 1;
	classes = {
	};
	objectVersion = 46;
	objects = {

/* Begin PBXBuildFile section */
		278F4BFC1962AE4200A31CD3 /* Foundation.framework in Frameworks */ = {isa = PBXBuildFile; fileRef = 278F4BFB1962AE4200A31CD3 /* Foundation.framework */; };
		278F4BFE1962AE4200A31CD3 /* CoreGraphics.framework in Frameworks */ = {isa = PBXBuildFile; fileRef = 278F4BFD1962AE4200A31CD3 /* CoreGraphics.framework */; };
		278F4C001962AE4200A31CD3 /* UIKit.framework in Frameworks */ = {isa = PBXBuildFile; fileRef = 278F4BFF1962AE4200A31CD3 /* UIKit.framework */; };
		278F4C061962AE4200A31CD3 /* InfoPlist.strings in Resources */ = {isa = PBXBuildFile; fileRef = 278F4C041962AE4200A31CD3 /* InfoPlist.strings */; };
		278F4C081962AE4200A31CD3 /* main.m in Sources */ = {isa = PBXBuildFile; fileRef = 278F4C071962AE4200A31CD3 /* main.m */; };
		278F4C0C1962AE4200A31CD3 /* BIDAppDelegate.m in Sources */ = {isa = PBXBuildFile; fileRef = 278F4C0B1962AE4200A31CD3 /* BIDAppDelegate.m */; };
		278F4C0E1962AE4200A31CD3 /* Images.xcassets in Resources */ = {isa = PBXBuildFile; fileRef = 278F4C0D1962AE4200A31CD3 /* Images.xcassets */; };
		278F4C151962AE4200A31CD3 /* XCTest.framework in Frameworks */ = {isa = PBXBuildFile; fileRef = 278F4C141962AE4200A31CD3 /* XCTest.framework */; };
		278F4C161962AE4200A31CD3 /* Foundation.framework in Frameworks */ = {isa = PBXBuildFile; fileRef = 278F4BFB1962AE4200A31CD3 /* Foundation.framework */; };
		278F4C171962AE4200A31CD3 /* UIKit.framework in Frameworks */ = {isa = PBXBuildFile; fileRef = 278F4BFF1962AE4200A31CD3 /* UIKit.framework */; };
		278F4C1F1962AE4200A31CD3 /* InfoPlist.strings in Resources */ = {isa = PBXBuildFile; fileRef = 278F4C1D1962AE4200A31CD3 /* InfoPlist.strings */; };
		278F4C211962AE4200A31CD3 /* iOS_taskTests.m in Sources */ = {isa = PBXBuildFile; fileRef = 278F4C201962AE4200A31CD3 /* iOS_taskTests.m */; };
		278F4C2C1962AEB300A31CD3 /* BIDViewController.m in Sources */ = {isa = PBXBuildFile; fileRef = 278F4C2B1962AEB300A31CD3 /* BIDViewController.m */; };
		278F4C2E1962E4BE00A31CD3 /* CoreData.framework in Frameworks */ = {isa = PBXBuildFile; fileRef = 278F4C2D1962E4BE00A31CD3 /* CoreData.framework */; };
		278F4CCF1962F7E800A31CD3 /* _DDDecimalFunctions.m in Sources */ = {isa = PBXBuildFile; fileRef = 278F4C9E1962F7E800A31CD3 /* _DDDecimalFunctions.m */; };
		278F4CD01962F7E800A31CD3 /* _DDFunctionEvaluator.m in Sources */ = {isa = PBXBuildFile; fileRef = 278F4CA01962F7E800A31CD3 /* _DDFunctionEvaluator.m */; };
		278F4CD11962F7E800A31CD3 /* _DDFunctionExpression.m in Sources */ = {isa = PBXBuildFile; fileRef = 278F4CA21962F7E800A31CD3 /* _DDFunctionExpression.m */; };
		278F4CD21962F7E800A31CD3 /* _DDFunctionTerm.m in Sources */ = {isa = PBXBuildFile; fileRef = 278F4CA41962F7E800A31CD3 /* _DDFunctionTerm.m */; };
		278F4CD31962F7E800A31CD3 /* _DDGroupTerm.m in Sources */ = {isa = PBXBuildFile; fileRef = 278F4CA61962F7E800A31CD3 /* _DDGroupTerm.m */; };
		278F4CD41962F7E800A31CD3 /* _DDNumberExpression.m in Sources */ = {isa = PBXBuildFile; fileRef = 278F4CA81962F7E800A31CD3 /* _DDNumberExpression.m */; };
		278F4CD51962F7E800A31CD3 /* _DDNumberTerm.m in Sources */ = {isa = PBXBuildFile; fileRef = 278F4CAA1962F7E800A31CD3 /* _DDNumberTerm.m */; };
		278F4CD61962F7E800A31CD3 /* _DDOperatorTerm.m in Sources */ = {isa = PBXBuildFile; fileRef = 278F4CAC1962F7E800A31CD3 /* _DDOperatorTerm.m */; };
		278F4CD71962F7E800A31CD3 /* _DDParserTerm.m in Sources */ = {isa = PBXBuildFile; fileRef = 278F4CAE1962F7E800A31CD3 /* _DDParserTerm.m */; };
		278F4CD81962F7E800A31CD3 /* _DDPrecisionFunctionEvaluator.m in Sources */ = {isa = PBXBuildFile; fileRef = 278F4CB01962F7E800A31CD3 /* _DDPrecisionFunctionEvaluator.m */; };
		278F4CD91962F7E800A31CD3 /* _DDRewriteRule.m in Sources */ = {isa = PBXBuildFile; fileRef = 278F4CB21962F7E800A31CD3 /* _DDRewriteRule.m */; };
		278F4CDA1962F7E800A31CD3 /* _DDVariableExpression.m in Sources */ = {isa = PBXBuildFile; fileRef = 278F4CB41962F7E800A31CD3 /* _DDVariableExpression.m */; };
		278F4CDB1962F7E800A31CD3 /* _DDVariableTerm.m in Sources */ = {isa = PBXBuildFile; fileRef = 278F4CB61962F7E800A31CD3 /* _DDVariableTerm.m */; };
		278F4CDC1962F7E800A31CD3 /* DDExpression.m in Sources */ = {isa = PBXBuildFile; fileRef = 278F4CB81962F7E800A31CD3 /* DDExpression.m */; };
		278F4CDD1962F7E800A31CD3 /* DDExpressionRewriter.m in Sources */ = {isa = PBXBuildFile; fileRef = 278F4CBA1962F7E800A31CD3 /* DDExpressionRewriter.m */; };
		278F4CDE1962F7E800A31CD3 /* DDMathEvaluator.m in Sources */ = {isa = PBXBuildFile; fileRef = 278F4CBD1962F7E800A31CD3 /* DDMathEvaluator.m */; };
		278F4CDF1962F7E800A31CD3 /* DDMathOperator.m in Sources */ = {isa = PBXBuildFile; fileRef = 278F4CBF1962F7E800A31CD3 /* DDMathOperator.m */; };
		278F4CE01962F7E800A31CD3 /* DDMathStringToken.m in Sources */ = {isa = PBXBuildFile; fileRef = 278F4CC41962F7E800A31CD3 /* DDMathStringToken.m */; };
		278F4CE11962F7E800A31CD3 /* DDMathStringTokenizer.m in Sources */ = {isa = PBXBuildFile; fileRef = 278F4CC61962F7E800A31CD3 /* DDMathStringTokenizer.m */; };
		278F4CE21962F7E800A31CD3 /* DDParser.m in Sources */ = {isa = PBXBuildFile; fileRef = 278F4CC81962F7E800A31CD3 /* DDParser.m */; };
		278F4CE31962F7E800A31CD3 /* DDParserTypes.m in Sources */ = {isa = PBXBuildFile; fileRef = 278F4CCA1962F7E800A31CD3 /* DDParserTypes.m */; };
		278F4CE41962F7E800A31CD3 /* DDTypes.m in Sources */ = {isa = PBXBuildFile; fileRef = 278F4CCC1962F7E800A31CD3 /* DDTypes.m */; };
		278F4CE51962F7E800A31CD3 /* NSString+DDMathParsing.m in Sources */ = {isa = PBXBuildFile; fileRef = 278F4CCE1962F7E800A31CD3 /* NSString+DDMathParsing.m */; };
/* End PBXBuildFile section */

/* Begin PBXContainerItemProxy section */
		278F4C181962AE4200A31CD3 /* PBXContainerItemProxy */ = {
			isa = PBXContainerItemProxy;
			containerPortal = 278F4BF01962AE4200A31CD3 /* Project object */;
			proxyType = 1;
			remoteGlobalIDString = 278F4BF71962AE4200A31CD3;
			remoteInfo = "iOS task";
		};
/* End PBXContainerItemProxy section */

/* Begin PBXFileReference section */
		278F4BF81962AE4200A31CD3 /* iOS task.app */ = {isa = PBXFileReference; explicitFileType = wrapper.application; includeInIndex = 0; path = "iOS task.app"; sourceTree = BUILT_PRODUCTS_DIR; };
		278F4BFB1962AE4200A31CD3 /* Foundation.framework */ = {isa = PBXFileReference; lastKnownFileType = wrapper.framework; name = Foundation.framework; path = System/Library/Frameworks/Foundation.framework; sourceTree = SDKROOT; };
		278F4BFD1962AE4200A31CD3 /* CoreGraphics.framework */ = {isa = PBXFileReference; lastKnownFileType = wrapper.framework; name = CoreGraphics.framework; path = System/Library/Frameworks/CoreGraphics.framework; sourceTree = SDKROOT; };
		278F4BFF1962AE4200A31CD3 /* UIKit.framework */ = {isa = PBXFileReference; lastKnownFileType = wrapper.framework; name = UIKit.framework; path = System/Library/Frameworks/UIKit.framework; sourceTree = SDKROOT; };
		278F4C031962AE4200A31CD3 /* iOS task-Info.plist */ = {isa = PBXFileReference; lastKnownFileType = text.plist.xml; path = "iOS task-Info.plist"; sourceTree = "<group>"; };
		278F4C051962AE4200A31CD3 /* en */ = {isa = PBXFileReference; lastKnownFileType = text.plist.strings; name = en; path = en.lproj/InfoPlist.strings; sourceTree = "<group>"; };
		278F4C071962AE4200A31CD3 /* main.m */ = {isa = PBXFileReference; lastKnownFileType = sourcecode.c.objc; path = main.m; sourceTree = "<group>"; };
		278F4C091962AE4200A31CD3 /* iOS task-Prefix.pch */ = {isa = PBXFileReference; lastKnownFileType = sourcecode.c.h; path = "iOS task-Prefix.pch"; sourceTree = "<group>"; };
		278F4C0A1962AE4200A31CD3 /* BIDAppDelegate.h */ = {isa = PBXFileReference; lastKnownFileType = sourcecode.c.h; path = BIDAppDelegate.h; sourceTree = "<group>"; };
		278F4C0B1962AE4200A31CD3 /* BIDAppDelegate.m */ = {isa = PBXFileReference; lastKnownFileType = sourcecode.c.objc; path = BIDAppDelegate.m; sourceTree = "<group>"; };
		278F4C0D1962AE4200A31CD3 /* Images.xcassets */ = {isa = PBXFileReference; lastKnownFileType = folder.assetcatalog; path = Images.xcassets; sourceTree = "<group>"; };
		278F4C131962AE4200A31CD3 /* iOS taskTests.xctest */ = {isa = PBXFileReference; explicitFileType = wrapper.cfbundle; includeInIndex = 0; path = "iOS taskTests.xctest"; sourceTree = BUILT_PRODUCTS_DIR; };
		278F4C141962AE4200A31CD3 /* XCTest.framework */ = {isa = PBXFileReference; lastKnownFileType = wrapper.framework; name = XCTest.framework; path = Library/Frameworks/XCTest.framework; sourceTree = DEVELOPER_DIR; };
		278F4C1C1962AE4200A31CD3 /* iOS taskTests-Info.plist */ = {isa = PBXFileReference; lastKnownFileType = text.plist.xml; path = "iOS taskTests-Info.plist"; sourceTree = "<group>"; };
		278F4C1E1962AE4200A31CD3 /* en */ = {isa = PBXFileReference; lastKnownFileType = text.plist.strings; name = en; path = en.lproj/InfoPlist.strings; sourceTree = "<group>"; };
		278F4C201962AE4200A31CD3 /* iOS_taskTests.m */ = {isa = PBXFileReference; lastKnownFileType = sourcecode.c.objc; path = iOS_taskTests.m; sourceTree = "<group>"; };
		278F4C2A1962AEB300A31CD3 /* BIDViewController.h */ = {isa = PBXFileReference; fileEncoding = 4; lastKnownFileType = sourcecode.c.h; path = BIDViewController.h; sourceTree = "<group>"; };
		278F4C2B1962AEB300A31CD3 /* BIDViewController.m */ = {isa = PBXFileReference; fileEncoding = 4; lastKnownFileType = sourcecode.c.objc; path = BIDViewController.m; sourceTree = "<group>"; };
		278F4C2D1962E4BE00A31CD3 /* CoreData.framework */ = {isa = PBXFileReference; lastKnownFileType = wrapper.framework; name = CoreData.framework; path = System/Library/Frameworks/CoreData.framework; sourceTree = SDKROOT; };
		278F4C9D1962F7E800A31CD3 /* _DDDecimalFunctions.h */ = {isa = PBXFileReference; fileEncoding = 4; lastKnownFileType = sourcecode.c.h; path = _DDDecimalFunctions.h; sourceTree = "<group>"; };
		278F4C9E1962F7E800A31CD3 /* _DDDecimalFunctions.m */ = {isa = PBXFileReference; fileEncoding = 4; lastKnownFileType = sourcecode.c.objc; path = _DDDecimalFunctions.m; sourceTree = "<group>"; };
		278F4C9F1962F7E800A31CD3 /* _DDFunctionEvaluator.h */ = {isa = PBXFileReference; fileEncoding = 4; lastKnownFileType = sourcecode.c.h; path = _DDFunctionEvaluator.h; sourceTree = "<group>"; };
		278F4CA01962F7E800A31CD3 /* _DDFunctionEvaluator.m */ = {isa = PBXFileReference; fileEncoding = 4; lastKnownFileType = sourcecode.c.objc; path = _DDFunctionEvaluator.m; sourceTree = "<group>"; };
		278F4CA11962F7E800A31CD3 /* _DDFunctionExpression.h */ = {isa = PBXFileReference; fileEncoding = 4; lastKnownFileType = sourcecode.c.h; path = _DDFunctionExpression.h; sourceTree = "<group>"; };
		278F4CA21962F7E800A31CD3 /* _DDFunctionExpression.m */ = {isa = PBXFileReference; fileEncoding = 4; lastKnownFileType = sourcecode.c.objc; path = _DDFunctionExpression.m; sourceTree = "<group>"; };
		278F4CA31962F7E800A31CD3 /* _DDFunctionTerm.h */ = {isa = PBXFileReference; fileEncoding = 4; lastKnownFileType = sourcecode.c.h; path = _DDFunctionTerm.h; sourceTree = "<group>"; };
		278F4CA41962F7E800A31CD3 /* _DDFunctionTerm.m */ = {isa = PBXFileReference; fileEncoding = 4; lastKnownFileType = sourcecode.c.objc; path = _DDFunctionTerm.m; sourceTree = "<group>"; };
		278F4CA51962F7E800A31CD3 /* _DDGroupTerm.h */ = {isa = PBXFileReference; fileEncoding = 4; lastKnownFileType = sourcecode.c.h; path = _DDGroupTerm.h; sourceTree = "<group>"; };
		278F4CA61962F7E800A31CD3 /* _DDGroupTerm.m */ = {isa = PBXFileReference; fileEncoding = 4; lastKnownFileType = sourcecode.c.objc; path = _DDGroupTerm.m; sourceTree = "<group>"; };
		278F4CA71962F7E800A31CD3 /* _DDNumberExpression.h */ = {isa = PBXFileReference; fileEncoding = 4; lastKnownFileType = sourcecode.c.h; path = _DDNumberExpression.h; sourceTree = "<group>"; };
		278F4CA81962F7E800A31CD3 /* _DDNumberExpression.m */ = {isa = PBXFileReference; fileEncoding = 4; lastKnownFileType = sourcecode.c.objc; path = _DDNumberExpression.m; sourceTree = "<group>"; };
		278F4CA91962F7E800A31CD3 /* _DDNumberTerm.h */ = {isa = PBXFileReference; fileEncoding = 4; lastKnownFileType = sourcecode.c.h; path = _DDNumberTerm.h; sourceTree = "<group>"; };
		278F4CAA1962F7E800A31CD3 /* _DDNumberTerm.m */ = {isa = PBXFileReference; fileEncoding = 4; lastKnownFileType = sourcecode.c.objc; path = _DDNumberTerm.m; sourceTree = "<group>"; };
		278F4CAB1962F7E800A31CD3 /* _DDOperatorTerm.h */ = {isa = PBXFileReference; fileEncoding = 4; lastKnownFileType = sourcecode.c.h; path = _DDOperatorTerm.h; sourceTree = "<group>"; };
		278F4CAC1962F7E800A31CD3 /* _DDOperatorTerm.m */ = {isa = PBXFileReference; fileEncoding = 4; lastKnownFileType = sourcecode.c.objc; path = _DDOperatorTerm.m; sourceTree = "<group>"; };
		278F4CAD1962F7E800A31CD3 /* _DDParserTerm.h */ = {isa = PBXFileReference; fileEncoding = 4; lastKnownFileType = sourcecode.c.h; path = _DDParserTerm.h; sourceTree = "<group>"; };
		278F4CAE1962F7E800A31CD3 /* _DDParserTerm.m */ = {isa = PBXFileReference; fileEncoding = 4; lastKnownFileType = sourcecode.c.objc; path = _DDParserTerm.m; sourceTree = "<group>"; };
		278F4CAF1962F7E800A31CD3 /* _DDPrecisionFunctionEvaluator.h */ = {isa = PBXFileReference; fileEncoding = 4; lastKnownFileType = sourcecode.c.h; path = _DDPrecisionFunctionEvaluator.h; sourceTree = "<group>"; };
		278F4CB01962F7E800A31CD3 /* _DDPrecisionFunctionEvaluator.m */ = {isa = PBXFileReference; fileEncoding = 4; lastKnownFileType = sourcecode.c.objc; path = _DDPrecisionFunctionEvaluator.m; sourceTree = "<group>"; };
		278F4CB11962F7E800A31CD3 /* _DDRewriteRule.h */ = {isa = PBXFileReference; fileEncoding = 4; lastKnownFileType = sourcecode.c.h; path = _DDRewriteRule.h; sourceTree = "<group>"; };
		278F4CB21962F7E800A31CD3 /* _DDRewriteRule.m */ = {isa = PBXFileReference; fileEncoding = 4; lastKnownFileType = sourcecode.c.objc; path = _DDRewriteRule.m; sourceTree = "<group>"; };
		278F4CB31962F7E800A31CD3 /* _DDVariableExpression.h */ = {isa = PBXFileReference; fileEncoding = 4; lastKnownFileType = sourcecode.c.h; path = _DDVariableExpression.h; sourceTree = "<group>"; };
		278F4CB41962F7E800A31CD3 /* _DDVariableExpression.m */ = {isa = PBXFileReference; fileEncoding = 4; lastKnownFileType = sourcecode.c.objc; path = _DDVariableExpression.m; sourceTree = "<group>"; };
		278F4CB51962F7E800A31CD3 /* _DDVariableTerm.h */ = {isa = PBXFileReference; fileEncoding = 4; lastKnownFileType = sourcecode.c.h; path = _DDVariableTerm.h; sourceTree = "<group>"; };
		278F4CB61962F7E800A31CD3 /* _DDVariableTerm.m */ = {isa = PBXFileReference; fileEncoding = 4; lastKnownFileType = sourcecode.c.objc; path = _DDVariableTerm.m; sourceTree = "<group>"; };
		278F4CB71962F7E800A31CD3 /* DDExpression.h */ = {isa = PBXFileReference; fileEncoding = 4; lastKnownFileType = sourcecode.c.h; path = DDExpression.h; sourceTree = "<group>"; };
		278F4CB81962F7E800A31CD3 /* DDExpression.m */ = {isa = PBXFileReference; fileEncoding = 4; lastKnownFileType = sourcecode.c.objc; path = DDExpression.m; sourceTree = "<group>"; };
		278F4CB91962F7E800A31CD3 /* DDExpressionRewriter.h */ = {isa = PBXFileReference; fileEncoding = 4; lastKnownFileType = sourcecode.c.h; path = DDExpressionRewriter.h; sourceTree = "<group>"; };
		278F4CBA1962F7E800A31CD3 /* DDExpressionRewriter.m */ = {isa = PBXFileReference; fileEncoding = 4; lastKnownFileType = sourcecode.c.objc; path = DDExpressionRewriter.m; sourceTree = "<group>"; };
		278F4CBB1962F7E800A31CD3 /* DDMathEvaluator+Private.h */ = {isa = PBXFileReference; fileEncoding = 4; lastKnownFileType = sourcecode.c.h; path = "DDMathEvaluator+Private.h"; sourceTree = "<group>"; };
		278F4CBC1962F7E800A31CD3 /* DDMathEvaluator.h */ = {isa = PBXFileReference; fileEncoding = 4; lastKnownFileType = sourcecode.c.h; path = DDMathEvaluator.h; sourceTree = "<group>"; };
		278F4CBD1962F7E800A31CD3 /* DDMathEvaluator.m */ = {isa = PBXFileReference; fileEncoding = 4; lastKnownFileType = sourcecode.c.objc; path = DDMathEvaluator.m; sourceTree = "<group>"; };
		278F4CBE1962F7E800A31CD3 /* DDMathOperator.h */ = {isa = PBXFileReference; fileEncoding = 4; lastKnownFileType = sourcecode.c.h; path = DDMathOperator.h; sourceTree = "<group>"; };
		278F4CBF1962F7E800A31CD3 /* DDMathOperator.m */ = {isa = PBXFileReference; fileEncoding = 4; lastKnownFileType = sourcecode.c.objc; path = DDMathOperator.m; sourceTree = "<group>"; };
		278F4CC01962F7E800A31CD3 /* DDMathOperator_Internal.h */ = {isa = PBXFileReference; fileEncoding = 4; lastKnownFileType = sourcecode.c.h; path = DDMathOperator_Internal.h; sourceTree = "<group>"; };
		278F4CC11962F7E800A31CD3 /* DDMathParser.h */ = {isa = PBXFileReference; fileEncoding = 4; lastKnownFileType = sourcecode.c.h; path = DDMathParser.h; sourceTree = "<group>"; };
		278F4CC21962F7E800A31CD3 /* DDMathParserMacros.h */ = {isa = PBXFileReference; fileEncoding = 4; lastKnownFileType = sourcecode.c.h; path = DDMathParserMacros.h; sourceTree = "<group>"; };
		278F4CC31962F7E800A31CD3 /* DDMathStringToken.h */ = {isa = PBXFileReference; fileEncoding = 4; lastKnownFileType = sourcecode.c.h; path = DDMathStringToken.h; sourceTree = "<group>"; };
		278F4CC41962F7E800A31CD3 /* DDMathStringToken.m */ = {isa = PBXFileReference; fileEncoding = 4; lastKnownFileType = sourcecode.c.objc; path = DDMathStringToken.m; sourceTree = "<group>"; };
		278F4CC51962F7E800A31CD3 /* DDMathStringTokenizer.h */ = {isa = PBXFileReference; fileEncoding = 4; lastKnownFileType = sourcecode.c.h; path = DDMathStringTokenizer.h; sourceTree = "<group>"; };
		278F4CC61962F7E800A31CD3 /* DDMathStringTokenizer.m */ = {isa = PBXFileReference; fileEncoding = 4; lastKnownFileType = sourcecode.c.objc; path = DDMathStringTokenizer.m; sourceTree = "<group>"; };
		278F4CC71962F7E800A31CD3 /* DDParser.h */ = {isa = PBXFileReference; fileEncoding = 4; lastKnownFileType = sourcecode.c.h; path = DDParser.h; sourceTree = "<group>"; };
		278F4CC81962F7E800A31CD3 /* DDParser.m */ = {isa = PBXFileReference; fileEncoding = 4; lastKnownFileType = sourcecode.c.objc; path = DDParser.m; sourceTree = "<group>"; };
		278F4CC91962F7E800A31CD3 /* DDParserTypes.h */ = {isa = PBXFileReference; fileEncoding = 4; lastKnownFileType = sourcecode.c.h; path = DDParserTypes.h; sourceTree = "<group>"; };
		278F4CCA1962F7E800A31CD3 /* DDParserTypes.m */ = {isa = PBXFileReference; fileEncoding = 4; lastKnownFileType = sourcecode.c.objc; path = DDParserTypes.m; sourceTree = "<group>"; };
		278F4CCB1962F7E800A31CD3 /* DDTypes.h */ = {isa = PBXFileReference; fileEncoding = 4; lastKnownFileType = sourcecode.c.h; path = DDTypes.h; sourceTree = "<group>"; };
		278F4CCC1962F7E800A31CD3 /* DDTypes.m */ = {isa = PBXFileReference; fileEncoding = 4; lastKnownFileType = sourcecode.c.objc; path = DDTypes.m; sourceTree = "<group>"; };
		278F4CCD1962F7E800A31CD3 /* NSString+DDMathParsing.h */ = {isa = PBXFileReference; fileEncoding = 4; lastKnownFileType = sourcecode.c.h; path = "NSString+DDMathParsing.h"; sourceTree = "<group>"; };
		278F4CCE1962F7E800A31CD3 /* NSString+DDMathParsing.m */ = {isa = PBXFileReference; fileEncoding = 4; lastKnownFileType = sourcecode.c.objc; path = "NSString+DDMathParsing.m"; sourceTree = "<group>"; };
/* End PBXFileReference section */

/* Begin PBXFrameworksBuildPhase section */
		278F4BF51962AE4200A31CD3 /* Frameworks */ = {
			isa = PBXFrameworksBuildPhase;
			buildActionMask = 2147483647;
			files = (
				278F4C2E1962E4BE00A31CD3 /* CoreData.framework in Frameworks */,
				278F4BFE1962AE4200A31CD3 /* CoreGraphics.framework in Frameworks */,
				278F4C001962AE4200A31CD3 /* UIKit.framework in Frameworks */,
				278F4BFC1962AE4200A31CD3 /* Foundation.framework in Frameworks */,
			);
			runOnlyForDeploymentPostprocessing = 0;
		};
		278F4C101962AE4200A31CD3 /* Frameworks */ = {
			isa = PBXFrameworksBuildPhase;
			buildActionMask = 2147483647;
			files = (
				278F4C151962AE4200A31CD3 /* XCTest.framework in Frameworks */,
				278F4C171962AE4200A31CD3 /* UIKit.framework in Frameworks */,
				278F4C161962AE4200A31CD3 /* Foundation.framework in Frameworks */,
			);
			runOnlyForDeploymentPostprocessing = 0;
		};
/* End PBXFrameworksBuildPhase section */

/* Begin PBXGroup section */
		278F4BEF1962AE4200A31CD3 = {
			isa = PBXGroup;
			children = (
				278F4C9C1962F7E800A31CD3 /* DDMathParser */,
				278F4C2F1962E4EA00A31CD3 /* parsing */,
				278F4C2A1962AEB300A31CD3 /* BIDViewController.h */,
				278F4C2B1962AEB300A31CD3 /* BIDViewController.m */,
				278F4C011962AE4200A31CD3 /* iOS task */,
				278F4C1A1962AE4200A31CD3 /* iOS taskTests */,
				278F4BFA1962AE4200A31CD3 /* Frameworks */,
				278F4BF91962AE4200A31CD3 /* Products */,
			);
			sourceTree = "<group>";
		};
		278F4BF91962AE4200A31CD3 /* Products */ = {
			isa = PBXGroup;
			children = (
				278F4BF81962AE4200A31CD3 /* iOS task.app */,
				278F4C131962AE4200A31CD3 /* iOS taskTests.xctest */,
			);
			name = Products;
			sourceTree = "<group>";
		};
		278F4BFA1962AE4200A31CD3 /* Frameworks */ = {
			isa = PBXGroup;
			children = (
				278F4C2D1962E4BE00A31CD3 /* CoreData.framework */,
				278F4BFB1962AE4200A31CD3 /* Foundation.framework */,
				278F4BFD1962AE4200A31CD3 /* CoreGraphics.framework */,
				278F4BFF1962AE4200A31CD3 /* UIKit.framework */,
				278F4C141962AE4200A31CD3 /* XCTest.framework */,
			);
			name = Frameworks;
			sourceTree = "<group>";
		};
		278F4C011962AE4200A31CD3 /* iOS task */ = {
			isa = PBXGroup;
			children = (
				278F4C0A1962AE4200A31CD3 /* BIDAppDelegate.h */,
				278F4C0B1962AE4200A31CD3 /* BIDAppDelegate.m */,
				278F4C0D1962AE4200A31CD3 /* Images.xcassets */,
				278F4C021962AE4200A31CD3 /* Supporting Files */,
			);
			path = "iOS task";
			sourceTree = "<group>";
		};
		278F4C021962AE4200A31CD3 /* Supporting Files */ = {
			isa = PBXGroup;
			children = (
				278F4C031962AE4200A31CD3 /* iOS task-Info.plist */,
				278F4C041962AE4200A31CD3 /* InfoPlist.strings */,
				278F4C071962AE4200A31CD3 /* main.m */,
				278F4C091962AE4200A31CD3 /* iOS task-Prefix.pch */,
			);
			name = "Supporting Files";
			sourceTree = "<group>";
		};
		278F4C1A1962AE4200A31CD3 /* iOS taskTests */ = {
			isa = PBXGroup;
			children = (
				278F4C201962AE4200A31CD3 /* iOS_taskTests.m */,
				278F4C1B1962AE4200A31CD3 /* Supporting Files */,
			);
			path = "iOS taskTests";
			sourceTree = "<group>";
		};
		278F4C1B1962AE4200A31CD3 /* Supporting Files */ = {
			isa = PBXGroup;
			children = (
				278F4C1C1962AE4200A31CD3 /* iOS taskTests-Info.plist */,
				278F4C1D1962AE4200A31CD3 /* InfoPlist.strings */,
			);
			name = "Supporting Files";
			sourceTree = "<group>";
		};
		278F4C2F1962E4EA00A31CD3 /* parsing */ = {
			isa = PBXGroup;
			children = (
			);
			name = parsing;
			sourceTree = "<group>";
		};
		278F4C9C1962F7E800A31CD3 /* DDMathParser */ = {
			isa = PBXGroup;
			children = (
				278F4C9D1962F7E800A31CD3 /* _DDDecimalFunctions.h */,
				278F4C9E1962F7E800A31CD3 /* _DDDecimalFunctions.m */,
				278F4C9F1962F7E800A31CD3 /* _DDFunctionEvaluator.h */,
				278F4CA01962F7E800A31CD3 /* _DDFunctionEvaluator.m */,
				278F4CA11962F7E800A31CD3 /* _DDFunctionExpression.h */,
				278F4CA21962F7E800A31CD3 /* _DDFunctionExpression.m */,
				278F4CA31962F7E800A31CD3 /* _DDFunctionTerm.h */,
				278F4CA41962F7E800A31CD3 /* _DDFunctionTerm.m */,
				278F4CA51962F7E800A31CD3 /* _DDGroupTerm.h */,
				278F4CA61962F7E800A31CD3 /* _DDGroupTerm.m */,
				278F4CA71962F7E800A31CD3 /* _DDNumberExpression.h */,
				278F4CA81962F7E800A31CD3 /* _DDNumberExpression.m */,
				278F4CA91962F7E800A31CD3 /* _DDNumberTerm.h */,
				278F4CAA1962F7E800A31CD3 /* _DDNumberTerm.m */,
				278F4CAB1962F7E800A31CD3 /* _DDOperatorTerm.h */,
				278F4CAC1962F7E800A31CD3 /* _DDOperatorTerm.m */,
				278F4CAD1962F7E800A31CD3 /* _DDParserTerm.h */,
				278F4CAE1962F7E800A31CD3 /* _DDParserTerm.m */,
				278F4CAF1962F7E800A31CD3 /* _DDPrecisionFunctionEvaluator.h */,
				278F4CB01962F7E800A31CD3 /* _DDPrecisionFunctionEvaluator.m */,
				278F4CB11962F7E800A31CD3 /* _DDRewriteRule.h */,
				278F4CB21962F7E800A31CD3 /* _DDRewriteRule.m */,
				278F4CB31962F7E800A31CD3 /* _DDVariableExpression.h */,
				278F4CB41962F7E800A31CD3 /* _DDVariableExpression.m */,
				278F4CB51962F7E800A31CD3 /* _DDVariableTerm.h */,
				278F4CB61962F7E800A31CD3 /* _DDVariableTerm.m */,
				278F4CB71962F7E800A31CD3 /* DDExpression.h */,
				278F4CB81962F7E800A31CD3 /* DDExpression.m */,
				278F4CB91962F7E800A31CD3 /* DDExpressionRewriter.h */,
				278F4CBA1962F7E800A31CD3 /* DDExpressionRewriter.m */,
				278F4CBB1962F7E800A31CD3 /* DDMathEvaluator+Private.h */,
				278F4CBC1962F7E800A31CD3 /* DDMathEvaluator.h */,
				278F4CBD1962F7E800A31CD3 /* DDMathEvaluator.m */,
				278F4CBE1962F7E800A31CD3 /* DDMathOperator.h */,
				278F4CBF1962F7E800A31CD3 /* DDMathOperator.m */,
				278F4CC01962F7E800A31CD3 /* DDMathOperator_Internal.h */,
				278F4CC11962F7E800A31CD3 /* DDMathParser.h */,
				278F4CC21962F7E800A31CD3 /* DDMathParserMacros.h */,
				278F4CC31962F7E800A31CD3 /* DDMathStringToken.h */,
				278F4CC41962F7E800A31CD3 /* DDMathStringToken.m */,
				278F4CC51962F7E800A31CD3 /* DDMathStringTokenizer.h */,
				278F4CC61962F7E800A31CD3 /* DDMathStringTokenizer.m */,
				278F4CC71962F7E800A31CD3 /* DDParser.h */,
				278F4CC81962F7E800A31CD3 /* DDParser.m */,
				278F4CC91962F7E800A31CD3 /* DDParserTypes.h */,
				278F4CCA1962F7E800A31CD3 /* DDParserTypes.m */,
				278F4CCB1962F7E800A31CD3 /* DDTypes.h */,
				278F4CCC1962F7E800A31CD3 /* DDTypes.m */,
				278F4CCD1962F7E800A31CD3 /* NSString+DDMathParsing.h */,
				278F4CCE1962F7E800A31CD3 /* NSString+DDMathParsing.m */,
			);
			path = DDMathParser;
			sourceTree = "<group>";
		};
/* End PBXGroup section */

/* Begin PBXNativeTarget section */
		278F4BF71962AE4200A31CD3 /* iOS task */ = {
			isa = PBXNativeTarget;
			buildConfigurationList = 278F4C241962AE4200A31CD3 /* Build configuration list for PBXNativeTarget "iOS task" */;
			buildPhases = (
				278F4BF41962AE4200A31CD3 /* Sources */,
				278F4BF51962AE4200A31CD3 /* Frameworks */,
				278F4BF61962AE4200A31CD3 /* Resources */,
			);
			buildRules = (
			);
			dependencies = (
			);
			name = "iOS task";
			productName = "iOS task";
			productReference = 278F4BF81962AE4200A31CD3 /* iOS task.app */;
			productType = "com.apple.product-type.application";
		};
		278F4C121962AE4200A31CD3 /* iOS taskTests */ = {
			isa = PBXNativeTarget;
			buildConfigurationList = 278F4C271962AE4200A31CD3 /* Build configuration list for PBXNativeTarget "iOS taskTests" */;
			buildPhases = (
				278F4C0F1962AE4200A31CD3 /* Sources */,
				278F4C101962AE4200A31CD3 /* Frameworks */,
				278F4C111962AE4200A31CD3 /* Resources */,
			);
			buildRules = (
			);
			dependencies = (
				278F4C191962AE4200A31CD3 /* PBXTargetDependency */,
			);
			name = "iOS taskTests";
			productName = "iOS taskTests";
			productReference = 278F4C131962AE4200A31CD3 /* iOS taskTests.xctest */;
			productType = "com.apple.product-type.bundle.unit-test";
		};
/* End PBXNativeTarget section */

/* Begin PBXProject section */
		278F4BF01962AE4200A31CD3 /* Project object */ = {
			isa = PBXProject;
			attributes = {
				CLASSPREFIX = BID;
				LastUpgradeCheck = 0510;
				ORGANIZATIONNAME = "Kundan Jadhav";
				TargetAttributes = {
					278F4C121962AE4200A31CD3 = {
						TestTargetID = 278F4BF71962AE4200A31CD3;
					};
				};
			};
			buildConfigurationList = 278F4BF31962AE4200A31CD3 /* Build configuration list for PBXProject "iOS task" */;
			compatibilityVersion = "Xcode 3.2";
			developmentRegion = English;
			hasScannedForEncodings = 0;
			knownRegions = (
				en,
			);
			mainGroup = 278F4BEF1962AE4200A31CD3;
			productRefGroup = 278F4BF91962AE4200A31CD3 /* Products */;
			projectDirPath = "";
			projectRoot = "";
			targets = (
				278F4BF71962AE4200A31CD3 /* iOS task */,
				278F4C121962AE4200A31CD3 /* iOS taskTests */,
			);
		};
/* End PBXProject section */

/* Begin PBXResourcesBuildPhase section */
		278F4BF61962AE4200A31CD3 /* Resources */ = {
			isa = PBXResourcesBuildPhase;
			buildActionMask = 2147483647;
			files = (
				278F4C061962AE4200A31CD3 /* InfoPlist.strings in Resources */,
				278F4C0E1962AE4200A31CD3 /* Images.xcassets in Resources */,
			);
			runOnlyForDeploymentPostprocessing = 0;
		};
		278F4C111962AE4200A31CD3 /* Resources */ = {
			isa = PBXResourcesBuildPhase;
			buildActionMask = 2147483647;
			files = (
				278F4C1F1962AE4200A31CD3 /* InfoPlist.strings in Resources */,
			);
			runOnlyForDeploymentPostprocessing = 0;
		};
/* End PBXResourcesBuildPhase section */

/* Begin PBXSourcesBuildPhase section */
		278F4BF41962AE4200A31CD3 /* Sources */ = {
			isa = PBXSourcesBuildPhase;
			buildActionMask = 2147483647;
			files = (
				278F4CD51962F7E800A31CD3 /* _DDNumberTerm.m in Sources */,
				278F4CDB1962F7E800A31CD3 /* _DDVariableTerm.m in Sources */,
				278F4CD21962F7E800A31CD3 /* _DDFunctionTerm.m in Sources */,
				278F4CD71962F7E800A31CD3 /* _DDParserTerm.m in Sources */,
				278F4CE31962F7E800A31CD3 /* DDParserTypes.m in Sources */,
				278F4CE11962F7E800A31CD3 /* DDMathStringTokenizer.m in Sources */,
				278F4CE51962F7E800A31CD3 /* NSString+DDMathParsing.m in Sources */,
				278F4C0C1962AE4200A31CD3 /* BIDAppDelegate.m in Sources */,
				278F4CDC1962F7E800A31CD3 /* DDExpression.m in Sources */,
				278F4CD11962F7E800A31CD3 /* _DDFunctionExpression.m in Sources */,
				278F4CD61962F7E800A31CD3 /* _DDOperatorTerm.m in Sources */,
				278F4CDE1962F7E800A31CD3 /* DDMathEvaluator.m in Sources */,
				278F4CDF1962F7E800A31CD3 /* DDMathOperator.m in Sources */,
				278F4CE01962F7E800A31CD3 /* DDMathStringToken.m in Sources */,
				278F4C2C1962AEB300A31CD3 /* BIDViewController.m in Sources */,
				278F4CDD1962F7E800A31CD3 /* DDExpressionRewriter.m in Sources */,
				278F4CD81962F7E800A31CD3 /* _DDPrecisionFunctionEvaluator.m in Sources */,
				278F4CE41962F7E800A31CD3 /* DDTypes.m in Sources */,
				278F4CD01962F7E800A31CD3 /* _DDFunctionEvaluator.m in Sources */,
				278F4CD31962F7E800A31CD3 /* _DDGroupTerm.m in Sources */,
				278F4CD41962F7E800A31CD3 /* _DDNumberExpression.m in Sources */,
				278F4C081962AE4200A31CD3 /* main.m in Sources */,
				278F4CE21962F7E800A31CD3 /* DDParser.m in Sources */,
				278F4CDA1962F7E800A31CD3 /* _DDVariableExpression.m in Sources */,
				278F4CD91962F7E800A31CD3 /* _DDRewriteRule.m in Sources */,
				278F4CCF1962F7E800A31CD3 /* _DDDecimalFunctions.m in Sources */,
			);
			runOnlyForDeploymentPostprocessing = 0;
		};
		278F4C0F1962AE4200A31CD3 /* Sources */ = {
			isa = PBXSourcesBuildPhase;
			buildActionMask = 2147483647;
			files = (
				278F4C211962AE4200A31CD3 /* iOS_taskTests.m in Sources */,
			);
			runOnlyForDeploymentPostprocessing = 0;
		};
/* End PBXSourcesBuildPhase section */

/* Begin PBXTargetDependency section */
		278F4C191962AE4200A31CD3 /* PBXTargetDependency */ = {
			isa = PBXTargetDependency;
			target = 278F4BF71962AE4200A31CD3 /* iOS task */;
			targetProxy = 278F4C181962AE4200A31CD3 /* PBXContainerItemProxy */;
		};
/* End PBXTargetDependency section */

/* Begin PBXVariantGroup section */
		278F4C041962AE4200A31CD3 /* InfoPlist.strings */ = {
			isa = PBXVariantGroup;
			children = (
				278F4C051962AE4200A31CD3 /* en */,
			);
			name = InfoPlist.strings;
			sourceTree = "<group>";
		};
		278F4C1D1962AE4200A31CD3 /* InfoPlist.strings */ = {
			isa = PBXVariantGroup;
			children = (
				278F4C1E1962AE4200A31CD3 /* en */,
			);
			name = InfoPlist.strings;
			sourceTree = "<group>";
		};
/* End PBXVariantGroup section */

/* Begin XCBuildConfiguration section */
		278F4C221962AE4200A31CD3 /* Debug */ = {
			isa = XCBuildConfiguration;
			buildSettings = {
				ALWAYS_SEARCH_USER_PATHS = NO;
				CLANG_CXX_LANGUAGE_STANDARD = "gnu++0x";
				CLANG_CXX_LIBRARY = "libc++";
				CLANG_ENABLE_MODULES = YES;
				CLANG_ENABLE_OBJC_ARC = YES;
				CLANG_WARN_BOOL_CONVERSION = YES;
				CLANG_WARN_CONSTANT_CONVERSION = YES;
				CLANG_WARN_DIRECT_OBJC_ISA_USAGE = YES_ERROR;
				CLANG_WARN_EMPTY_BODY = YES;
				CLANG_WARN_ENUM_CONVERSION = YES;
				CLANG_WARN_INT_CONVERSION = YES;
				CLANG_WARN_OBJC_ROOT_CLASS = YES_ERROR;
				CLANG_WARN__DUPLICATE_METHOD_MATCH = YES;
				"CODE_SIGN_IDENTITY[sdk=iphoneos*]" = "iPhone Developer";
				COPY_PHASE_STRIP = NO;
				GCC_C_LANGUAGE_STANDARD = gnu99;
				GCC_DYNAMIC_NO_PIC = NO;
				GCC_OPTIMIZATION_LEVEL = 0;
				GCC_PREPROCESSOR_DEFINITIONS = (
					"DEBUG=1",
					"$(inherited)",
				);
				GCC_SYMBOLS_PRIVATE_EXTERN = NO;
				GCC_WARN_64_TO_32_BIT_CONVERSION = YES;
				GCC_WARN_ABOUT_RETURN_TYPE = YES_ERROR;
				GCC_WARN_UNDECLARED_SELECTOR = YES;
				GCC_WARN_UNINITIALIZED_AUTOS = YES_AGGRESSIVE;
				GCC_WARN_UNUSED_FUNCTION = YES;
				GCC_WARN_UNUSED_VARIABLE = YES;
				IPHONEOS_DEPLOYMENT_TARGET = 7.1;
				ONLY_ACTIVE_ARCH = YES;
				SDKROOT = iphoneos;
				TARGETED_DEVICE_FAMILY = "1,2";
			};
			name = Debug;
		};
		278F4C231962AE4200A31CD3 /* Release */ = {
			isa = XCBuildConfiguration;
			buildSettings = {
				ALWAYS_SEARCH_USER_PATHS = NO;
				CLANG_CXX_LANGUAGE_STANDARD = "gnu++0x";
				CLANG_CXX_LIBRARY = "libc++";
				CLANG_ENABLE_MODULES = YES;
				CLANG_ENABLE_OBJC_ARC = YES;
				CLANG_WARN_BOOL_CONVERSION = YES;
				CLANG_WARN_CONSTANT_CONVERSION = YES;
				CLANG_WARN_DIRECT_OBJC_ISA_USAGE = YES_ERROR;
				CLANG_WARN_EMPTY_BODY = YES;
				CLANG_WARN_ENUM_CONVERSION = YES;
				CLANG_WARN_INT_CONVERSION = YES;
				CLANG_WARN_OBJC_ROOT_CLASS = YES_ERROR;
				CLANG_WARN__DUPLICATE_METHOD_MATCH = YES;
				"CODE_SIGN_IDENTITY[sdk=iphoneos*]" = "iPhone Developer";
				COPY_PHASE_STRIP = YES;
				ENABLE_NS_ASSERTIONS = NO;
				GCC_C_LANGUAGE_STANDARD = gnu99;
				GCC_WARN_64_TO_32_BIT_CONVERSION = YES;
				GCC_WARN_ABOUT_RETURN_TYPE = YES_ERROR;
				GCC_WARN_UNDECLARED_SELECTOR = YES;
				GCC_WARN_UNINITIALIZED_AUTOS = YES_AGGRESSIVE;
				GCC_WARN_UNUSED_FUNCTION = YES;
				GCC_WARN_UNUSED_VARIABLE = YES;
				IPHONEOS_DEPLOYMENT_TARGET = 7.1;
				SDKROOT = iphoneos;
				TARGETED_DEVICE_FAMILY = "1,2";
				VALIDATE_PRODUCT = YES;
			};
			name = Release;
		};
		278F4C251962AE4200A31CD3 /* Debug */ = {
			isa = XCBuildConfiguration;
			buildSettings = {
				ASSETCATALOG_COMPILER_APPICON_NAME = AppIcon;
				ASSETCATALOG_COMPILER_LAUNCHIMAGE_NAME = LaunchImage;
				FRAMEWORK_SEARCH_PATHS = (
					"$(inherited)",
					"$(PROJECT_DIR)",
				);
				GCC_PRECOMPILE_PREFIX_HEADER = YES;
				GCC_PREFIX_HEADER = "iOS task/iOS task-Prefix.pch";
				INFOPLIST_FILE = "iOS task/iOS task-Info.plist";
				PRODUCT_NAME = "$(TARGET_NAME)";
				WRAPPER_EXTENSION = app;
			};
			name = Debug;
		};
		278F4C261962AE4200A31CD3 /* Release */ = {
			isa = XCBuildConfiguration;
			buildSettings = {
				ASSETCATALOG_COMPILER_APPICON_NAME = AppIcon;
				ASSETCATALOG_COMPILER_LAUNCHIMAGE_NAME = LaunchImage;
				FRAMEWORK_SEARCH_PATHS = (
					"$(inherited)",
					"$(PROJECT_DIR)",
				);
				GCC_PRECOMPILE_PREFIX_HEADER = YES;
				GCC_PREFIX_HEADER = "iOS task/iOS task-Prefix.pch";
				INFOPLIST_FILE = "iOS task/iOS task-Info.plist";
				PRODUCT_NAME = "$(TARGET_NAME)";
				WRAPPER_EXTENSION = app;
			};
			name = Release;
		};
		278F4C281962AE4200A31CD3 /* Debug */ = {
			isa = XCBuildConfiguration;
			buildSettings = {
				BUNDLE_LOADER = "$(BUILT_PRODUCTS_DIR)/iOS task.app/iOS task";
				FRAMEWORK_SEARCH_PATHS = (
					"$(SDKROOT)/Developer/Library/Frameworks",
					"$(inherited)",
					"$(DEVELOPER_FRAMEWORKS_DIR)",
				);
				GCC_PRECOMPILE_PREFIX_HEADER = YES;
				GCC_PREFIX_HEADER = "iOS task/iOS task-Prefix.pch";
				GCC_PREPROCESSOR_DEFINITIONS = (
					"DEBUG=1",
					"$(inherited)",
				);
				INFOPLIST_FILE = "iOS taskTests/iOS taskTests-Info.plist";
				PRODUCT_NAME = "$(TARGET_NAME)";
				TEST_HOST = "$(BUNDLE_LOADER)";
				WRAPPER_EXTENSION = xctest;
			};
			name = Debug;
		};
		278F4C291962AE4200A31CD3 /* Release */ = {
			isa = XCBuildConfiguration;
			buildSettings = {
				BUNDLE_LOADER = "$(BUILT_PRODUCTS_DIR)/iOS task.app/iOS task";
				FRAMEWORK_SEARCH_PATHS = (
					"$(SDKROOT)/Developer/Library/Frameworks",
					"$(inherited)",
					"$(DEVELOPER_FRAMEWORKS_DIR)",
				);
				GCC_PRECOMPILE_PREFIX_HEADER = YES;
				GCC_PREFIX_HEADER = "iOS task/iOS task-Prefix.pch";
				INFOPLIST_FILE = "iOS taskTests/iOS taskTests-Info.plist";
				PRODUCT_NAME = "$(TARGET_NAME)";
				TEST_HOST = "$(BUNDLE_LOADER)";
				WRAPPER_EXTENSION = xctest;
			};
			name = Release;
		};
/* End XCBuildConfiguration section */

/* Begin XCConfigurationList section */
		278F4BF31962AE4200A31CD3 /* Build configuration list for PBXProject "iOS task" */ = {
			isa = XCConfigurationList;
			buildConfigurations = (
				278F4C221962AE4200A31CD3 /* Debug */,
				278F4C231962AE4200A31CD3 /* Release */,
			);
			defaultConfigurationIsVisible = 0;
			defaultConfigurationName = Release;
		};
		278F4C241962AE4200A31CD3 /* Build configuration list for PBXNativeTarget "iOS task" */ = {
			isa = XCConfigurationList;
			buildConfigurations = (
				278F4C251962AE4200A31CD3 /* Debug */,
				278F4C261962AE4200A31CD3 /* Release */,
			);
			defaultConfigurationIsVisible = 0;
		};
		278F4C271962AE4200A31CD3 /* Build configuration list for PBXNativeTarget "iOS taskTests" */ = {
			isa = XCConfigurationList;
			buildConfigurations = (
				278F4C281962AE4200A31CD3 /* Debug */,
				278F4C291962AE4200A31CD3 /* Release */,
			);
			defaultConfigurationIsVisible = 0;
		};
/* End XCConfigurationList section */
	};
	rootObject = 278F4BF01962AE4200A31CD3 /* Project object */;
}
